
Microsoft Visual Studio Solution File, Format Version 12.00
# Visual Studio 15
VisualStudioVersion = 15.0.28307.779
MinimumVisualStudioVersion = 10.0.40219.1
Project("{FAE04EC0-301F-11D3-BF4B-00C04F79EFBC}") = "AvroObject", "AvroObject\AvroObject.csproj", "{EE01F00E-0CA6-4887-A7BB-220866742DD5}"
EndProject
Project("{FAE04EC0-301F-11D3-BF4B-00C04F79EFBC}") = "Tests", "Tests\Tests.csproj", "{8B3C2951-4C88-428F-ADA6-440B455ED2B6}"
EndProject
Global
	GlobalSection(SolutionConfigurationPlatforms) = preSolution
		Debug|Any CPU = Debug|Any CPU
		Release|Any CPU = Release|Any CPU
	EndGlobalSection
	GlobalSection(ProjectConfigurationPlatforms) = postSolution
		{EE01F00E-0CA6-4887-A7BB-220866742DD5}.Debug|Any CPU.ActiveCfg = Debug|Any CPU
		{EE01F00E-0CA6-4887-A7BB-220866742DD5}.Debug|Any CPU.Build.0 = Debug|Any CPU
		{EE01F00E-0CA6-4887-A7BB-220866742DD5}.Release|Any CPU.ActiveCfg = Release|Any CPU
		{EE01F00E-0CA6-4887-A7BB-220866742DD5}.Release|Any CPU.Build.0 = Release|Any CPU
		{8B3C2951-4C88-428F-ADA6-440B455ED2B6}.Debug|Any CPU.ActiveCfg = Debug|Any CPU
		{8B3C2951-4C88-428F-ADA6-440B455ED2B6}.Debug|Any CPU.Build.0 = Debug|Any CPU
		{8B3C2951-4C88-428F-ADA6-440B455ED2B6}.Release|Any CPU.ActiveCfg = Release|Any CPU
		{8B3C2951-4C88-428F-ADA6-440B455ED2B6}.Release|Any CPU.Build.0 = Release|Any CPU
	EndGlobalSection
	GlobalSection(SolutionProperties) = preSolution
		HideSolutionNode = FALSE
	EndGlobalSection
	GlobalSection(ExtensibilityGlobals) = postSolution
		SolutionGuid = {492BBDCC-AF52-4B19-81C1-C29AAF7AA0D1}
	EndGlobalSection
EndGlobal
